# THIS IS AN AUTOGENERATED FILE. DO NOT EDIT THIS FILE DIRECTLY.
# yarn lockfile v1


"@swc/core-android-arm-eabi@1.2.207":
  version "1.2.207"
  resolved "https://registry.yarnpkg.com/@swc/core-android-arm-eabi/-/core-android-arm-eabi-1.2.207.tgz#c70746aaba3f5bd6064dd9e8442a0edf477960e9"
  integrity sha512-hmMw4EaDMh8qH3DYbNPmBvrxzRPbOlF5+wMGm0NmmWQjKSCblRZUEkM4GJFtejO/DX75HHOfvh/Op+/+1UOyRQ==

"@swc/core-android-arm64@1.2.207":
  version "1.2.207"
  resolved "https://registry.yarnpkg.com/@swc/core-android-arm64/-/core-android-arm64-1.2.207.tgz#cba450d11e5d37b7b2a116291da683700af1818b"
  integrity sha512-jCDGX+yIb9RRQ1BOLz2o7fcJuiGz8+8l/xgKTanx+c7cNg43hm5EzlNzIxQs6oklKE/dlVw75H1Y90QJoH5a2Q==

"@swc/core-darwin-arm64@1.2.207":
  version "1.2.207"
  resolved "https://registry.yarnpkg.com/@swc/core-darwin-arm64/-/core-darwin-arm64-1.2.207.tgz#ec7ceac5e55b757bee527a305327dba8fbbbfeda"
  integrity sha512-Xp4LcmVBemLLZpB8d/XR6TnlVvtXKdFSxGmbwC7uiTl26Cji2HRjBXaQnQQfSnlKGcSB+W1sH8q9K2jDJO+hIA==

"@swc/core-darwin-x64@1.2.207":
  version "1.2.207"
  resolved "https://registry.yarnpkg.com/@swc/core-darwin-x64/-/core-darwin-x64-1.2.207.tgz#bbda0f7698438951472da2ebe076a2192cc79db7"
  integrity sha512-4TG7KW5FB/4Uli3ef9Hdx4igQYDv0DK0ZnGWmvteUyYPjhoR6YhIkr04CrqfHeYNOhK6oWG58K6t3ydGfnIJSw==

"@swc/core-freebsd-x64@1.2.207":
  version "1.2.207"
  resolved "https://registry.yarnpkg.com/@swc/core-freebsd-x64/-/core-freebsd-x64-1.2.207.tgz#13e1eb5232752f4ff0380499bd02cc5f9368350a"
  integrity sha512-rOj1TRbeY1ysG2cPaFdFUlup/0EJ3c1S+jWJkPK5HYt3mlvbdDu68wa8HIR6oTdbGiyMVogVIZn+je+d92Xjrg==

"@swc/core-linux-arm-gnueabihf@1.2.207":
  version "1.2.207"
  resolved "https://registry.yarnpkg.com/@swc/core-linux-arm-gnueabihf/-/core-linux-arm-gnueabihf-1.2.207.tgz#0f539b1e0e81fa7ae41e571732e3910e9201e61d"
  integrity sha512-hQRgp2LLr0a0aBkch7qvTAoNx3wTQYMLiPvAzlwFLwOWlv122BmfdMvxobLvwligduFZ9XBEHTdhLc/V8hsWog==

"@swc/core-linux-arm64-gnu@1.2.207":
  version "1.2.207"
  resolved "https://registry.yarnpkg.com/@swc/core-linux-arm64-gnu/-/core-linux-arm64-gnu-1.2.207.tgz#aba04c22c1ef2ce668c39585359f6d9240767fe2"
  integrity sha512-WF/plJ2chQXaNvcfM9OOaJbYPryr1ljhB5I0Iaz0AChoyOQfnaQ6Iq09ed1lwoHGBFS3SdrucPxu1z0vkfNIzg==

"@swc/core-linux-arm64-musl@1.2.207":
  version "1.2.207"
  resolved "https://registry.yarnpkg.com/@swc/core-linux-arm64-musl/-/core-linux-arm64-musl-1.2.207.tgz#f7ebcac390eb23c368455431cc08cc0055edb2e7"
  integrity sha512-9h2HVHrxj7bB5DB6l04jvVVQCirfwIHWIctd5BqAyAI4HnYzirFaDqFntZHpZ0PfaJIa/l04hmhj1t/9f3GYww==

"@swc/core-linux-x64-gnu@1.2.207":
  version "1.2.207"
  resolved "https://registry.yarnpkg.com/@swc/core-linux-x64-gnu/-/core-linux-x64-gnu-1.2.207.tgz#40774055f71df85253413fe9ce607a14d3e5948a"
  integrity sha512-BjmpgEkT9OibBWC/ulnT2MxZpUbMZrfEWgdThCv2KiL0wYZ6ZAzkgjjArktmw6vjLLrB+1qnTysUN3RAuTrzxg==

"@swc/core-linux-x64-musl@1.2.207":
  version "1.2.207"
  resolved "https://registry.yarnpkg.com/@swc/core-linux-x64-musl/-/core-linux-x64-musl-1.2.207.tgz#ae151ab250c9ed6059b361537db48d17ca72479e"
  integrity sha512-jzBjXdjpw1+eR/GVhENreIpqS8zVezKObutiJLSSayNG3YT9MwyEz58qEHdALPhOJBjctaExr0nYCAPq9U8k2A==

"@swc/core-win32-arm64-msvc@1.2.207":
  version "1.2.207"
  resolved "https://registry.yarnpkg.com/@swc/core-win32-arm64-msvc/-/core-win32-arm64-msvc-1.2.207.tgz#c0542e66a31f2333341cbb32b41f78b94c4bfcc4"
  integrity sha512-zF2rID7fzgDxa0Aev92+NcSy4j1Ct87KaDhOiL/BofAOrmf274UHn6yl8HUOjbejD/WEoGG62Dv7EFlzbtVOBw==

"@swc/core-win32-ia32-msvc@1.2.207":
  version "1.2.207"
  resolved "https://registry.yarnpkg.com/@swc/core-win32-ia32-msvc/-/core-win32-ia32-msvc-1.2.207.tgz#aa5ad44d587db3968dc7f6cc52e76af5ba50edc8"
  integrity sha512-AUI349ky8Xh4KqmySx7Yd+HdmaEU9Q67Cr5VO1ZJYEu/XRI9aiHlwLFkIb24Jio0LLddN/0GIwnDm+5Evr3deg==

"@swc/core-win32-x64-msvc@1.2.207":
  version "1.2.207"
  resolved "https://registry.yarnpkg.com/@swc/core-win32-x64-msvc/-/core-win32-x64-msvc-1.2.207.tgz#36ffb9bc08b1a27415009f601fb22f13ffd076d8"
  integrity sha512-clRP+rfNcGrgu2AXb/H02iKm2tTNHPd5cgqTP2bFe9PalKh2mBFR52+g44b3ca7vwdwIYie39ZoIu7jNkKEVMA==

"@swc/core@^1.2.204":
  version "1.2.207"
  resolved "https://registry.yarnpkg.com/@swc/core/-/core-1.2.207.tgz#cbe5f6c971ba17df83ab4934d46a1e53580634a7"
  integrity sha512-4LgdAwZv+dLQsIBaWpK4eEOpeeJlcuOM6LRkUXJLZ0CUIkZHm2zQ4N6jksm/YJYgF++mYwjM6JWwCvLpW3ZTuA==
  optionalDependencies:
    "@swc/core-android-arm-eabi" "1.2.207"
    "@swc/core-android-arm64" "1.2.207"
    "@swc/core-darwin-arm64" "1.2.207"
    "@swc/core-darwin-x64" "1.2.207"
    "@swc/core-freebsd-x64" "1.2.207"
    "@swc/core-linux-arm-gnueabihf" "1.2.207"
    "@swc/core-linux-arm64-gnu" "1.2.207"
    "@swc/core-linux-arm64-musl" "1.2.207"
    "@swc/core-linux-x64-gnu" "1.2.207"
    "@swc/core-linux-x64-musl" "1.2.207"
    "@swc/core-win32-arm64-msvc" "1.2.207"
    "@swc/core-win32-ia32-msvc" "1.2.207"
    "@swc/core-win32-x64-msvc" "1.2.207"

emotion-swc-plugin@^0.0.4:
  version "0.0.4"
  resolved "https://registry.yarnpkg.com/emotion-swc-plugin/-/emotion-swc-plugin-0.0.4.tgz#fe851021813464e5662a4ebbe31e329499c3774e"
  integrity sha512-W9yeEobGnum+UzfMCocSkdiiYDChk9iF3iz4T43PYhSeZ0dXUyWNbBDZ2ZIqO/uBgqnfAJpEx6Ffd2+G7GLTHA==
